{
    "_meta": {
        "hash": {
            "sha256": "bf6a04a5f86ec69473c44d14a363b368f7b7f2845b891ee65f916526ce202ef6"
        },
        "pipfile-spec": 6,
        "requires": {
            "python_version": "3.8.11"
        },
        "sources": [
            {
                "name": "pypi",
                "url": "https://pypi.org/simple",
                "verify_ssl": true
            }
        ]
    },
    "default": {
        "attrs": {
            "hashes": [
                "sha256:1f28b4522cdc2fb4256ac1a020c78acf9cba2c6b461ccd2c126f3aa8e8335d04",
                "sha256:6279836d581513a26f1bf235f9acd333bc9115683f14f7e8fae46c98fc50e015"
            ],
            "markers": "python_version >= '3.7'",
            "version": "==23.1.0"
        },
        "cffi": {
            "hashes": [
                "sha256:0928df15fc8e63099fa82cf2deb0f67ad740639ae23089fd26c6d919d08f9844",
                "sha256:0e4ffd75af0ff2f2ec6ba18e249c6969653d6f06bd7f4a405236c217963dd887",
                "sha256:0ed256dd741501dc11c8f536972f54a5a68df018a7959ce97219a8b308b4b881",
                "sha256:23a0d34f7f10935d798e4a3700f7ebff6bfdfa8476b7e55a56dbf53b8d41da55",
                "sha256:24357100aceaf76318b9a826237fe7dc20652daf1d15d6f0db162fea3d665e7b",
                "sha256:2dd553b3ff4817b2dab4c6a9c257dd35f720976815c899d5040297604acd98e3",
                "sha256:2de1371afe36f892916da71e83ab00f8766ccd81df40794bacb6eda7a355cd6f",
                "sha256:31fd177716140a5229c30e6e316d49a9eedb13b10eb7726cb892cd4aa5bff84f",
                "sha256:3389f61db8594bb5e996340188aa81a6dc817b29ee80fd1c6471c63d2721e269",
                "sha256:3591f33b9b0f8a31a612d9f1cefe595973d991233eecce07948d1e74114cc0c1",
                "sha256:3743ea0ed69c8cc40cb6f29482d8b7de20235c04d1373406fe2df01b961b9064",
                "sha256:384f5328f37ab2c681d925b1d1cc7d79cd355546a9d7e6d901ed4e2083b4b548",
                "sha256:3a3a5d6575f5193c305b026ab4b6cfd9faf6b23ad823cf527553cf8e98055ffe",
                "sha256:3b478e5cb81139cfb2726f7b7d5b3662e4cbbe8e13da5443db23545dcc4c0d05",
                "sha256:3f3637d26849648ca75ffccdf8e24c0bef77cb038f1fc178afa8a12afa5dffb8",
                "sha256:4766877e1aca2f1d6d93416873ec268f034c2a03ffb11b6daf5db5dcad03709b",
                "sha256:478d6a99f78478d7e3b8db69bbd1a648fff31a313e1ae76f87d260dde91e5cd7",
                "sha256:4ce6c1a2e8925db47492378860b25a051a73a5fe217261af7dee3d523f2922ba",
                "sha256:50e493ab94d425edfc713a2cac4d56a6a6c11638bebf411e86013be69e624e69",
                "sha256:563f16837d86a5e3fb4625f0baf936898d5b3da03a1192e16592b226c73cfd4a",
                "sha256:57ddcf5dd192126e62e9ed427ac6c61f36300482938e3f46f5cda1105b09dc90",
                "sha256:5a3bf751ceba6c9165e21b2ef3408830449abfaf3db5f791b6e9fde92a04dea0",
                "sha256:62fb88370101ac6c983114fb014679158e359b3d6b6c539b17618acfb6d5539e",
                "sha256:678716ca1c06138450b0454ada2245d326765720c2634d370d249cd0d566b992",
                "sha256:76bac0ad1168d71e9f117b5bbcd4efc5d7328f9a0054fd058b0b0eba88bcf7d6",
                "sha256:78faf51033e48213a2ef2d8cb2987e650058a60ebe8085bcc3afe484c61950fb",
                "sha256:85431bf5729028182587f9bba21c82a567d82e4cddd8e74e1952dcba5fd9f337",
                "sha256:911868b5d339d866040851c55c7f95d01e21bcb3764641a264f88dc9f314dbef",
                "sha256:98cf866039b1b41712a71cb448001a0ed1bb38f1d1db583aea1b78cae05ec057",
                "sha256:98e2d9d7754509a1e5366c378eb095e9f8a3b67ba6dc822092153fe3c7529d45",
                "sha256:993088af255a591351fb1f7e9a2fb459f790ba46b29c3481cb5c0cf54005dc25",
                "sha256:9b598e2b6f0f24180482458d644db6dc44e98bcdc9c00914d69b2749994efe0c",
                "sha256:a10bcc26a395411129016be78b82071f1431ab5763e5c3f25ee18e91bf3f88af",
                "sha256:aac5299ed6c4b56447b6b0c4f99e587e4998c05bb4d633002adcd36be68085e1",
                "sha256:ae42699a559623cb730602ade2cc0a1f053f8b0ed958c8c1c7ddd0a02254876a",
                "sha256:af5b0f7e331ea55232f15e972abd74d2817964accdd6fd3e5c2b8ac354fa993f",
                "sha256:b1d80ef126d3b8e1e1ead94fb8ac44eb1f4ed36990dba3e09fa4b7921426879d",
                "sha256:bd43ef97cabb2bab95c09956c28a87a0e05274b9258996521696912bf93da36f",
                "sha256:c761446abcc82b52f1be155f5266887216a6e20174d3afd7025c95fdd57d527b",
                "sha256:cb7df7ab7d13d2d5d6df4d4adb6d9013139be8bfab17f9bedcdf9aa0ae10c6c1",
                "sha256:cbf204995c237988376b60021bfe3c6eb161f8be68b2a7546bb4fda9cb1a38e1",
                "sha256:d184e5d68d4ddfae311dcc63614ba53d0d7a592339366f6ec5f522ed43f50f20",
                "sha256:d9b57c9037208b92529f14b5b18c5416ebaa84446e7f5172d4f45074b4b4bb61",
                "sha256:dacd0caf16ed0c23a1ac105fd129f410ff7a2aa8240c479be2c25adf2095996e",
                "sha256:dfd80e1feaffe8eff95ae26ffa83bdf7ad5f1e24f00b24310c27a95eca51a4b6",
                "sha256:e21f83989e4f54eece0347451c4694c6116de04c93b80a422ead425bfbdd18c3",
                "sha256:e24ab5f0ea81b1285b93b637ad44d8da1e4928540b2bc554b4533a267bddc575",
                "sha256:e2d583f83b5f6e4c284ccf53f220cead00241231e51e573d6324e05ad1e6c879",
                "sha256:e654ae5341ba422841ebcb992c0041f9379f18cf0e7f7c70e00e36ff78777420",
                "sha256:e9b75f0097a15dc2a6c00571be3d50381b0e921b0942a398fcde7cdf70277f1f",
                "sha256:f2c9e3946ee71debff0bc2260aa4994e782d4a7e95923c101a20d16eabb075f7",
                "sha256:f4a99491edeafd0c41f5fe39ba0540b889a17f86f740d8160ee535fa0303c9ec"
            ],
            "markers": "python_version >= '3.8'",
            "version": "==1.16.0rc2"
        },
        "cryptography": {
            "hashes": [
                "sha256:004b6ccc95943f6a9ad3142cfabcc769d7ee38a3f60fb0dddbfb431f818c3a67",
                "sha256:047c4603aeb4bbd8db2756e38f5b8bd7e94318c047cfe4efeb5d715e08b49311",
                "sha256:0d9409894f495d465fe6fda92cb70e8323e9648af912d5b9141d616df40a87b8",
                "sha256:23a25c09dfd0d9f28da2352503b23e086f8e78096b9fd585d1d14eca01613e13",
                "sha256:2ed09183922d66c4ec5fdaa59b4d14e105c084dd0febd27452de8f6f74704143",
                "sha256:35c00f637cd0b9d5b6c6bd11b6c3359194a8eba9c46d4e875a3660e3b400005f",
                "sha256:37480760ae08065437e6573d14be973112c9e6dcaf5f11d00147ee74f37a3829",
                "sha256:3b224890962a2d7b57cf5eeb16ccaafba6083f7b811829f00476309bce2fe0fd",
                "sha256:5a0f09cefded00e648a127048119f77bc2b2ec61e736660b5789e638f43cc397",
                "sha256:5b72205a360f3b6176485a333256b9bcd48700fc755fef51c8e7e67c4b63e3ac",
                "sha256:7e53db173370dea832190870e975a1e09c86a879b613948f09eb49324218c14d",
                "sha256:7febc3094125fc126a7f6fb1f420d0da639f3f32cb15c8ff0dc3997c4549f51a",
                "sha256:80907d3faa55dc5434a16579952ac6da800935cd98d14dbd62f6f042c7f5e839",
                "sha256:86defa8d248c3fa029da68ce61fe735432b047e32179883bdb1e79ed9bb8195e",
                "sha256:8ac4f9ead4bbd0bc8ab2d318f97d85147167a488be0e08814a37eb2f439d5cf6",
                "sha256:93530900d14c37a46ce3d6c9e6fd35dbe5f5601bf6b3a5c325c7bffc030344d9",
                "sha256:9eeb77214afae972a00dee47382d2591abe77bdae166bda672fb1e24702a3860",
                "sha256:b5f4dfe950ff0479f1f00eda09c18798d4f49b98f4e2006d644b3301682ebdca",
                "sha256:c3391bd8e6de35f6f1140e50aaeb3e2b3d6a9012536ca23ab0d9c35ec18c8a91",
                "sha256:c880eba5175f4307129784eca96f4e70b88e57aa3f680aeba3bab0e980b0f37d",
                "sha256:cecfefa17042941f94ab54f769c8ce0fe14beff2694e9ac684176a2535bf9714",
                "sha256:e40211b4923ba5a6dc9769eab704bdb3fbb58d56c5b336d30996c24fcf12aadb",
                "sha256:efc8ad4e6fc4f1752ebfb58aefece8b4e3c4cae940b0994d43649bdfce8d0d4f"
            ],
            "markers": "python_version >= '3.7'",
            "version": "==41.0.4"
        },
        "electionguard": {
            "hashes": [
                "sha256:59c438f67532f9e2ad54594785fad7c71eaa23d4aa86283b98adb714191b67a9",
                "sha256:ded9aa16b9e884728875158ea694c685c32af558f5f1844eb80fa7178605c1c5"
            ],
            "markers": "python_version >= '3.8' and python_version < '4.0'",
            "path": "./../electionguard-python/dist/electionguard-1.2.3-py3-none-any.whl"
        },
        "gmpy2": {
            "hashes": [
                "sha256:03f941b0abed587e74d24e21857a5b2fa274a9ab83e2d164fb81f49ef83f2086",
                "sha256:05771d03425441ce82aa33b759ce89826b75233c656790cb59fe059c8991460e",
                "sha256:18c8f29df966d4cbf8a7a52875d66fcc2a071a778fba79df873537431d36e965",
                "sha256:213328108bba1add59d689fc3c033cb1b10a56da85053f87b693471aa9253adc",
                "sha256:28c8bc4342fe3796706b11b834919ab745eb86085b17149ff7ec4ad8d8eee7f6",
                "sha256:339e99dcf9166429b8d7e64b6e3ee9e3dc84e3b1a50b698b49bc4e13b9241ce7",
                "sha256:3720ce4925f029811305c7e45ce7353e794176ce133628b7781b4de9263d342a",
                "sha256:3893287de8d8704229ce9b65eb6d44ef6f22f171f408e831b40e03bedee72337",
                "sha256:3b8acc939a40411a8ad5541ed178ff866dd1759e667ee26fe34c9291b6b350c3",
                "sha256:46026865262b0a7b27358c8baaf8788a523cc85a2794ce8c0166766d1b6f07a4",
                "sha256:4d3f4ccdc0a4574a14f6ede0db43d2aa083c2ee6a12b29caf1a14a6b40853871",
                "sha256:4fc8cedbceb6cb525ee7f0ea7726fd796843551fca47b2ebf471f6f07047b6d2",
                "sha256:59aa3ca9e702e4e3cc83efab6d9fdebeaa589590dbe50a0f7f4814bc18f2ad50",
                "sha256:640bf4b22e3f5703981ceaaba4e4d849072cd093458439bea9dec77245cbbdef",
                "sha256:66eec571b181d03cb30085f545f8357df0f58ead97de9f8964d9df03772a6cb0",
                "sha256:693a104d3436536c4c215ed66dfa9b991bf0cab0144a2a5dfc71116ef9095f1c",
                "sha256:69cbaf269ff143e82dc8b7e1c57fbeee1674e6ba956ac132f9857419ca2cf9db",
                "sha256:6cd9b36201d2beac78dcc56f1e44e400a4017547939868594bd946947d644f50",
                "sha256:781b83f56bb2f024b0cf8630098c05c78ab14f5aa65dfa4b68a041fc87e6db4b",
                "sha256:82497824f37ab5538bf33b6453cd647884fa006c8a09e736e2131ece1cf2c36a",
                "sha256:882f7de773474af45944cea1817b19d5ff398513e8361c3cb85ed136e7e6b362",
                "sha256:8c41daebfb72c07a344cb667ae4f8a296ba4c1b9d68cdcf5b3cfcf49f016f356",
                "sha256:8cead75a93d5dd945f628366f9063c3f0ed8866339ee7db14404b8fe4878370f",
                "sha256:928384c0c51dc2b7a3183cb623b0dd33c328802ab5c6d3da37fceb6ce00062c2",
                "sha256:930ca41f133f9324f4b0caba36ed3d2dc9e7ba24e077021ec29823f72f80948c",
                "sha256:97bff0ab50958e65df10da0f72c145f30e9fa67afcefe9cda52d49688b080e1a",
                "sha256:aef3733014833d8fb605140ff6192595638a9c8d85b65f3567b0005c5e8b41bd",
                "sha256:b412fcc1b857ee3bf08839b81be366063ef277aa3b3d3743d0205009221388db",
                "sha256:b436b6e056d8c1d77af00919b0df0d2ee3e002a79f9571421f2bc13797e02720",
                "sha256:b94cb168d8400b756e7ce1bbb766bf3a8b6992663d99b63a0e1c95078ac29c09",
                "sha256:ce688a6461b008f241269b9820cba468d96f225aecb6ed82dc46433ff7c5303a",
                "sha256:d69825bcc8a218cabe9c3a28671df5999eb9f2c7da32f17f4af86a79a15b6141",
                "sha256:dce52b58512712bff4d320ca7db5561061fa0d38e750d97951869ab1e38412ca",
                "sha256:de9fa95c23a145df2cbf45329229370907d95a5bf979b3880457a222536d293d",
                "sha256:e32446d20484f01b568640c05a0a9eb0cb1ecbfd9ba66ec984a8d40cf883d3c3",
                "sha256:e6c2b6692da4a313838a053b16b1aa5ec640841a997e286a7bf26425509aa028",
                "sha256:e7203ee2be9970f9ca80368c5663d0d159693457c2fabbf60b47f5e4b9a86f52",
                "sha256:e970c70e6e13dde35a0fb806f11395b641e995ad120f6d18377cdc8761201156",
                "sha256:f05c31ba3599e38801b561ac1bcd93b52a02e56430568e24b1c45d8654242103",
                "sha256:f620410d7bdb0099cbeaaa3f50609535c76a350ca9eb1267172cf170dac8fba1",
                "sha256:f69f277a4818291617c5f46c1bcf702b1feebca400221fe075152ee0d405dd91",
                "sha256:fdff146a9889a5bfdf25658cdee4c8c5d9c645f73acd2b97d082bcbaf5036c2e"
            ],
            "markers": "python_version >= '3.7'",
            "version": "==2.2.0a1"
        },
        "importlib-resources": {
            "hashes": [
                "sha256:9d48dcccc213325e810fd723e7fbb45ccb39f6cf5c31f00cf2b965f5f10f3cb9",
                "sha256:aa50258bbfa56d4e33fbd8aa3ef48ded10d1735f11532b8df95388cc6bdb7e83"
            ],
            "markers": "python_version < '3.9'",
            "version": "==6.1.0"
        },
        "jsons": {
            "hashes": [
                "sha256:ac3c21d44ded3e63721837a6e58bf900849ef3b559cf97291aba350e3467e625"
            ],
            "index": "pypi",
            "markers": "python_version >= '3.5'",
            "version": "==1.2.0"
        },
        "jsonschema": {
            "hashes": [
                "sha256:cd5f1f9ed9444e554b38ba003af06c0a8c2868131e56bfbef0550fb450c0330e",
                "sha256:ec84cc37cfa703ef7cd4928db24f9cb31428a5d0fa77747b8b51a847458e0bbf"
            ],
            "markers": "python_version >= '3.8'",
            "version": "==4.19.1"
        },
        "jsonschema-specifications": {
            "hashes": [
                "sha256:05adf340b659828a004220a9613be00fa3f223f2b82002e273dee62fd50524b1",
                "sha256:c91a50404e88a1f6ba40636778e2ee08f6e24c5613fe4c53ac24578a5a7f72bb"
            ],
            "markers": "python_version >= '3.8'",
            "version": "==2023.7.1"
        },
        "pkgutil-resolve-name": {
            "hashes": [
                "sha256:357d6c9e6a755653cfd78893817c0853af365dd51ec97f3d358a819373bbd174",
                "sha256:ca27cc078d25c5ad71a9de0a7a330146c4e014c2462d9af19c6b828280649c5e"
            ],
            "markers": "python_version < '3.9'",
            "version": "==1.3.10"
        },
        "psutil": {
            "hashes": [
                "sha256:104a5cc0e31baa2bcf67900be36acde157756b9c44017b86b2c049f11957887d",
                "sha256:3c6f686f4225553615612f6d9bc21f1c0e305f75d7d8454f9b46e901778e7217",
                "sha256:4aef137f3345082a3d3232187aeb4ac4ef959ba3d7c10c33dd73763fbc063da4",
                "sha256:5410638e4df39c54d957fc51ce03048acd8e6d60abc0f5107af51e5fb566eb3c",
                "sha256:5b9b8cb93f507e8dbaf22af6a2fd0ccbe8244bf30b1baad6b3954e935157ae3f",
                "sha256:7a7dd9997128a0d928ed4fb2c2d57e5102bb6089027939f3b722f3a210f9a8da",
                "sha256:89518112647f1276b03ca97b65cc7f64ca587b1eb0278383017c2a0dcc26cbe4",
                "sha256:8c5f7c5a052d1d567db4ddd231a9d27a74e8e4a9c3f44b1032762bd7b9fdcd42",
                "sha256:ab8ed1a1d77c95453db1ae00a3f9c50227ebd955437bcf2a574ba8adbf6a74d5",
                "sha256:acf2aef9391710afded549ff602b5887d7a2349831ae4c26be7c807c0a39fac4",
                "sha256:b258c0c1c9d145a1d5ceffab1134441c4c5113b2417fafff7315a917a026c3c9",
                "sha256:be8929ce4313f9f8146caad4272f6abb8bf99fc6cf59344a3167ecd74f4f203f",
                "sha256:c607bb3b57dc779d55e1554846352b4e358c10fff3abf3514a7a6601beebdb30",
                "sha256:ea8518d152174e1249c4f2a1c89e3e6065941df2fa13a1ab45327716a23c2b48"
            ],
            "markers": "python_version >= '2.7' and python_version not in '3.0, 3.1, 3.2, 3.3'",
            "version": "==5.9.5"
        },
        "pycparser": {
            "hashes": [
                "sha256:8ee45429555515e1f6b185e78100aea234072576aa43ab53aefcae078162fca9",
                "sha256:e644fdec12f7872f86c58ff790da456218b10f863970249516d60a5eaca77206"
            ],
            "markers": "python_version >= '2.7' and python_version not in '3.0, 3.1, 3.2, 3.3'",
            "version": "==2.21"
        },
        "referencing": {
            "hashes": [
                "sha256:449b6669b6121a9e96a7f9e410b245d471e8d48964c67113ce9afe50c8dd7bdf",
                "sha256:794ad8003c65938edcdbc027f1933215e0d0ccc0291e3ce20a4d87432b59efc0"
            ],
            "markers": "python_version >= '3.8'",
            "version": "==0.30.2"
        },
        "rpds-py": {
            "hashes": [
                "sha256:015de2ce2af1586ff5dc873e804434185199a15f7d96920ce67e50604592cae9",
                "sha256:061c3ff1f51ecec256e916cf71cc01f9975af8fb3af9b94d3c0cc8702cfea637",
                "sha256:08a80cf4884920863623a9ee9a285ee04cef57ebedc1cc87b3e3e0f24c8acfe5",
                "sha256:09362f86ec201288d5687d1dc476b07bf39c08478cde837cb710b302864e7ec9",
                "sha256:0bb4f48bd0dd18eebe826395e6a48b7331291078a879295bae4e5d053be50d4c",
                "sha256:106af1653007cc569d5fbb5f08c6648a49fe4de74c2df814e234e282ebc06957",
                "sha256:11fdd1192240dda8d6c5d18a06146e9045cb7e3ba7c06de6973000ff035df7c6",
                "sha256:16a472300bc6c83fe4c2072cc22b3972f90d718d56f241adabc7ae509f53f154",
                "sha256:176287bb998fd1e9846a9b666e240e58f8d3373e3bf87e7642f15af5405187b8",
                "sha256:177914f81f66c86c012311f8c7f46887ec375cfcfd2a2f28233a3053ac93a569",
                "sha256:177c9dd834cdf4dc39c27436ade6fdf9fe81484758885f2d616d5d03c0a83bd2",
                "sha256:187700668c018a7e76e89424b7c1042f317c8df9161f00c0c903c82b0a8cac5c",
                "sha256:1d9b5ee46dcb498fa3e46d4dfabcb531e1f2e76b477e0d99ef114f17bbd38453",
                "sha256:22da15b902f9f8e267020d1c8bcfc4831ca646fecb60254f7bc71763569f56b1",
                "sha256:24cd91a03543a0f8d09cb18d1cb27df80a84b5553d2bd94cba5979ef6af5c6e7",
                "sha256:255f1a10ae39b52122cce26ce0781f7a616f502feecce9e616976f6a87992d6b",
                "sha256:271c360fdc464fe6a75f13ea0c08ddf71a321f4c55fc20a3fe62ea3ef09df7d9",
                "sha256:2ed83d53a8c5902ec48b90b2ac045e28e1698c0bea9441af9409fc844dc79496",
                "sha256:2f3e1867dd574014253b4b8f01ba443b9c914e61d45f3674e452a915d6e929a3",
                "sha256:35fbd23c1c8732cde7a94abe7fb071ec173c2f58c0bd0d7e5b669fdfc80a2c7b",
                "sha256:37d0c59548ae56fae01c14998918d04ee0d5d3277363c10208eef8c4e2b68ed6",
                "sha256:39d05e65f23a0fe897b6ac395f2a8d48c56ac0f583f5d663e0afec1da89b95da",
                "sha256:3ad59efe24a4d54c2742929001f2d02803aafc15d6d781c21379e3f7f66ec842",
                "sha256:3aed39db2f0ace76faa94f465d4234aac72e2f32b009f15da6492a561b3bbebd",
                "sha256:3bbac1953c17252f9cc675bb19372444aadf0179b5df575ac4b56faaec9f6294",
                "sha256:40bc802a696887b14c002edd43c18082cb7b6f9ee8b838239b03b56574d97f71",
                "sha256:42f712b4668831c0cd85e0a5b5a308700fe068e37dcd24c0062904c4e372b093",
                "sha256:448a66b8266de0b581246ca7cd6a73b8d98d15100fb7165974535fa3b577340e",
                "sha256:485301ee56ce87a51ccb182a4b180d852c5cb2b3cb3a82f7d4714b4141119d8c",
                "sha256:485747ee62da83366a44fbba963c5fe017860ad408ccd6cd99aa66ea80d32b2e",
                "sha256:4cf0855a842c5b5c391dd32ca273b09e86abf8367572073bd1edfc52bc44446b",
                "sha256:4eca20917a06d2fca7628ef3c8b94a8c358f6b43f1a621c9815243462dcccf97",
                "sha256:4ed172d0c79f156c1b954e99c03bc2e3033c17efce8dd1a7c781bc4d5793dfac",
                "sha256:5267cfda873ad62591b9332fd9472d2409f7cf02a34a9c9cb367e2c0255994bf",
                "sha256:52b5cbc0469328e58180021138207e6ec91d7ca2e037d3549cc9e34e2187330a",
                "sha256:53d7a3cd46cdc1689296348cb05ffd4f4280035770aee0c8ead3bbd4d6529acc",
                "sha256:563646d74a4b4456d0cf3b714ca522e725243c603e8254ad85c3b59b7c0c4bf0",
                "sha256:570cc326e78ff23dec7f41487aa9c3dffd02e5ee9ab43a8f6ccc3df8f9327623",
                "sha256:5aca759ada6b1967fcfd4336dcf460d02a8a23e6abe06e90ea7881e5c22c4de6",
                "sha256:5de11c041486681ce854c814844f4ce3282b6ea1656faae19208ebe09d31c5b8",
                "sha256:5e271dd97c7bb8eefda5cca38cd0b0373a1fea50f71e8071376b46968582af9b",
                "sha256:642ed0a209ced4be3a46f8cb094f2d76f1f479e2a1ceca6de6346a096cd3409d",
                "sha256:6446002739ca29249f0beaaf067fcbc2b5aab4bc7ee8fb941bd194947ce19aff",
                "sha256:691d50c99a937709ac4c4cd570d959a006bd6a6d970a484c84cc99543d4a5bbb",
                "sha256:69b857a7d8bd4f5d6e0db4086da8c46309a26e8cefdfc778c0c5cc17d4b11e08",
                "sha256:6ac3fefb0d168c7c6cab24fdfc80ec62cd2b4dfd9e65b84bdceb1cb01d385c33",
                "sha256:6c9141af27a4e5819d74d67d227d5047a20fa3c7d4d9df43037a955b4c748ec5",
                "sha256:7170cbde4070dc3c77dec82abf86f3b210633d4f89550fa0ad2d4b549a05572a",
                "sha256:763ad59e105fca09705d9f9b29ecffb95ecdc3b0363be3bb56081b2c6de7977a",
                "sha256:77076bdc8776a2b029e1e6ffbe6d7056e35f56f5e80d9dc0bad26ad4a024a762",
                "sha256:7cd020b1fb41e3ab7716d4d2c3972d4588fdfbab9bfbbb64acc7078eccef8860",
                "sha256:821392559d37759caa67d622d0d2994c7a3f2fb29274948ac799d496d92bca73",
                "sha256:829e91f3a8574888b73e7a3feb3b1af698e717513597e23136ff4eba0bc8387a",
                "sha256:850c272e0e0d1a5c5d73b1b7871b0a7c2446b304cec55ccdb3eaac0d792bb065",
                "sha256:87d9b206b1bd7a0523375dc2020a6ce88bca5330682ae2fe25e86fd5d45cea9c",
                "sha256:8bd01ff4032abaed03f2db702fa9a61078bee37add0bd884a6190b05e63b028c",
                "sha256:8d54bbdf5d56e2c8cf81a1857250f3ea132de77af543d0ba5dce667183b61fec",
                "sha256:8efaeb08ede95066da3a3e3c420fcc0a21693fcd0c4396d0585b019613d28515",
                "sha256:8f94fdd756ba1f79f988855d948ae0bad9ddf44df296770d9a58c774cfbcca72",
                "sha256:95cde244e7195b2c07ec9b73fa4c5026d4a27233451485caa1cd0c1b55f26dbd",
                "sha256:975382d9aa90dc59253d6a83a5ca72e07f4ada3ae3d6c0575ced513db322b8ec",
                "sha256:9dd9d9d9e898b9d30683bdd2b6c1849449158647d1049a125879cb397ee9cd12",
                "sha256:a019a344312d0b1f429c00d49c3be62fa273d4a1094e1b224f403716b6d03be1",
                "sha256:a4d9bfda3f84fc563868fe25ca160c8ff0e69bc4443c5647f960d59400ce6557",
                "sha256:a657250807b6efd19b28f5922520ae002a54cb43c2401e6f3d0230c352564d25",
                "sha256:a771417c9c06c56c9d53d11a5b084d1de75de82978e23c544270ab25e7c066ff",
                "sha256:aad6ed9e70ddfb34d849b761fb243be58c735be6a9265b9060d6ddb77751e3e8",
                "sha256:ae87137951bb3dc08c7d8bfb8988d8c119f3230731b08a71146e84aaa919a7a9",
                "sha256:af247fd4f12cca4129c1b82090244ea5a9d5bb089e9a82feb5a2f7c6a9fe181d",
                "sha256:b5d4bdd697195f3876d134101c40c7d06d46c6ab25159ed5cbd44105c715278a",
                "sha256:b9255e7165083de7c1d605e818025e8860636348f34a79d84ec533546064f07e",
                "sha256:c22211c165166de6683de8136229721f3d5c8606cc2c3d1562da9a3a5058049c",
                "sha256:c55f9821f88e8bee4b7a72c82cfb5ecd22b6aad04033334f33c329b29bfa4da0",
                "sha256:c7aed97f2e676561416c927b063802c8a6285e9b55e1b83213dfd99a8f4f9e48",
                "sha256:cd2163f42868865597d89399a01aa33b7594ce8e2c4a28503127c81a2f17784e",
                "sha256:ce5e7504db95b76fc89055c7f41e367eaadef5b1d059e27e1d6eabf2b55ca314",
                "sha256:cff7351c251c7546407827b6a37bcef6416304fc54d12d44dbfecbb717064717",
                "sha256:d27aa6bbc1f33be920bb7adbb95581452cdf23005d5611b29a12bb6a3468cc95",
                "sha256:d3b52a67ac66a3a64a7e710ba629f62d1e26ca0504c29ee8cbd99b97df7079a8",
                "sha256:de61e424062173b4f70eec07e12469edde7e17fa180019a2a0d75c13a5c5dc57",
                "sha256:e10e6a1ed2b8661201e79dff5531f8ad4cdd83548a0f81c95cf79b3184b20c33",
                "sha256:e1a0ffc39f51aa5f5c22114a8f1906b3c17eba68c5babb86c5f77d8b1bba14d1",
                "sha256:e22491d25f97199fc3581ad8dd8ce198d8c8fdb8dae80dea3512e1ce6d5fa99f",
                "sha256:e626b864725680cd3904414d72e7b0bd81c0e5b2b53a5b30b4273034253bb41f",
                "sha256:e8c71ea77536149e36c4c784f6d420ffd20bea041e3ba21ed021cb40ce58e2c9",
                "sha256:e8d0f0eca087630d58b8c662085529781fd5dc80f0a54eda42d5c9029f812599",
                "sha256:ea65b59882d5fa8c74a23f8960db579e5e341534934f43f3b18ec1839b893e41",
                "sha256:ea93163472db26ac6043e8f7f93a05d9b59e0505c760da2a3cd22c7dd7111391",
                "sha256:eab75a8569a095f2ad470b342f2751d9902f7944704f0571c8af46bede438475",
                "sha256:ed8313809571a5463fd7db43aaca68ecb43ca7a58f5b23b6e6c6c5d02bdc7882",
                "sha256:ef5fddfb264e89c435be4adb3953cef5d2936fdeb4463b4161a6ba2f22e7b740",
                "sha256:ef750a20de1b65657a1425f77c525b0183eac63fe7b8f5ac0dd16f3668d3e64f",
                "sha256:efb9ece97e696bb56e31166a9dd7919f8f0c6b31967b454718c6509f29ef6fee",
                "sha256:f4c179a7aeae10ddf44c6bac87938134c1379c49c884529f090f9bf05566c836",
                "sha256:f602881d80ee4228a2355c68da6b296a296cd22bbb91e5418d54577bbf17fa7c",
                "sha256:fc2200e79d75b5238c8d69f6a30f8284290c777039d331e7340b6c17cad24a5a",
                "sha256:fcc1ebb7561a3e24a6588f7c6ded15d80aec22c66a070c757559b57b17ffd1cb"
            ],
            "markers": "python_version >= '3.8'",
            "version": "==0.10.3"
        },
        "typish": {
            "hashes": [
                "sha256:03cfee5e6eb856dbf90244e18f4e4c41044c8790d5779f4e775f63f982e2f896"
            ],
            "version": "==1.9.3"
        },
        "zipp": {
            "hashes": [
                "sha256:0e923e726174922dce09c53c59ad483ff7bbb8e572e00c7f7c46b88556409f31",
                "sha256:84e64a1c28cf7e91ed2078bb8cc8c259cb19b76942096c8d7b84947690cabaf0"
            ],
            "markers": "python_version < '3.10'",
            "version": "==3.17.0"
        }
    },
    "develop": {
        "black": {
            "hashes": [
                "sha256:031e8c69f3d3b09e1aa471a926a1eeb0b9071f80b17689a655f7885ac9325a6f",
                "sha256:13a2e4a93bb8ca74a749b6974925c27219bb3df4d42fc45e948a5d9feb5122b7",
                "sha256:13ef033794029b85dfea8032c9d3b92b42b526f1ff4bf13b2182ce4e917f5100",
                "sha256:14f04c990259576acd093871e7e9b14918eb28f1866f91968ff5524293f9c573",
                "sha256:24b6b3ff5c6d9ea08a8888f6977eae858e1f340d7260cf56d70a49823236b62d",
                "sha256:403397c033adbc45c2bd41747da1f7fc7eaa44efbee256b53842470d4ac5a70f",
                "sha256:50254ebfa56aa46a9fdd5d651f9637485068a1adf42270148cd101cdf56e0ad9",
                "sha256:538efb451cd50f43aba394e9ec7ad55a37598faae3348d723b59ea8e91616300",
                "sha256:638619a559280de0c2aa4d76f504891c9860bb8fa214267358f0a20f27c12948",
                "sha256:6a3b50e4b93f43b34a9d3ef00d9b6728b4a722c997c99ab09102fd5efdb88325",
                "sha256:6ccd59584cc834b6d127628713e4b6b968e5f79572da66284532525a042549f9",
                "sha256:75a2dc41b183d4872d3a500d2b9c9016e67ed95738a3624f4751a0cb4818fe71",
                "sha256:7d30ec46de88091e4316b17ae58bbbfc12b2de05e069030f6b747dfc649ad186",
                "sha256:8431445bf62d2a914b541da7ab3e2b4f3bc052d2ccbf157ebad18ea126efb91f",
                "sha256:8fc1ddcf83f996247505db6b715294eba56ea9372e107fd54963c7553f2b6dfe",
                "sha256:a732b82747235e0542c03bf352c126052c0fbc458d8a239a94701175b17d4855",
                "sha256:adc3e4442eef57f99b5590b245a328aad19c99552e0bdc7f0b04db6656debd80",
                "sha256:c46767e8df1b7beefb0899c4a95fb43058fa8500b6db144f4ff3ca38eb2f6393",
                "sha256:c619f063c2d68f19b2d7270f4cf3192cb81c9ec5bc5ba02df91471d0b88c4c5c",
                "sha256:cf3a4d00e4cdb6734b64bf23cd4341421e8953615cba6b3670453737a72ec204",
                "sha256:cf99f3de8b3273a8317681d8194ea222f10e0133a24a7548c73ce44ea1679377",
                "sha256:d6bc09188020c9ac2555a498949401ab35bb6bf76d4e0f8ee251694664df6301"
            ],
            "index": "pypi",
            "markers": "python_version >= '3.8'",
            "version": "==23.9.1"
        },
        "click": {
            "hashes": [
                "sha256:ae74fb96c20a0277a1d615f1e4d73c8414f5a98db8b799a7931d1582f3390c28",
                "sha256:ca9853ad459e787e2192211578cc907e7594e294c7ccc834310722b41b9ca6de"
            ],
            "markers": "python_version >= '3.7'",
            "version": "==8.1.7"
        },
        "exceptiongroup": {
            "hashes": [
                "sha256:097acd85d473d75af5bb98e41b61ff7fe35efe6675e4f9370ec6ec5126d160e9",
                "sha256:343280667a4585d195ca1cf9cef84a4e178c4b6cf2274caef9859782b567d5e3"
            ],
            "markers": "python_version < '3.11'",
            "version": "==1.1.3"
        },
        "flake8": {
            "hashes": [
                "sha256:d5b3857f07c030bdb5bf41c7f53799571d75c4491748a3adcd47de929e34cd23",
                "sha256:ffdfce58ea94c6580c77888a86506937f9a1a227dfcd15f245d694ae20a6b6e5"
            ],
            "index": "pypi",
            "markers": "python_full_version >= '3.8.1'",
            "version": "==6.1.0"
        },
        "iniconfig": {
            "hashes": [
                "sha256:2d91e135bf72d31a410b17c16da610a82cb55f6b0477d1a902134b24a455b8b3",
                "sha256:b6a85871a79d2e3b22d2d1b94ac2824226a63c6b741c88f7ae975f18b6778374"
            ],
            "markers": "python_version >= '3.7'",
            "version": "==2.0.0"
        },
        "mccabe": {
            "hashes": [
                "sha256:348e0240c33b60bbdf4e523192ef919f28cb2c3d7d5c7794f74009290f236325",
                "sha256:6c2d30ab6be0e4a46919781807b4f0d834ebdd6c6e3dca0bda5a15f863427b6e"
            ],
            "markers": "python_version >= '3.6'",
            "version": "==0.7.0"
        },
        "mypy-extensions": {
            "hashes": [
                "sha256:4392f6c0eb8a5668a69e23d168ffa70f0be9ccfd32b5cc2d26a34ae5b844552d",
                "sha256:75dbf8955dc00442a438fc4d0666508a9a97b6bd41aa2f0ffe9d2f2725af0782"
            ],
            "markers": "python_version >= '3.5'",
            "version": "==1.0.0"
        },
        "packaging": {
            "hashes": [
                "sha256:994793af429502c4ea2ebf6bf664629d07c1a9fe974af92966e4b8d2df7edc61",
                "sha256:a392980d2b6cffa644431898be54b0045151319d1e7ec34f0cfed48767dd334f"
            ],
            "markers": "python_version >= '3.7'",
            "version": "==23.1"
        },
        "pathspec": {
            "hashes": [
                "sha256:1d6ed233af05e679efb96b1851550ea95bbb64b7c490b0f5aa52996c11e92a20",
                "sha256:e0d8d0ac2f12da61956eb2306b69f9469b42f4deb0f3cb6ed47b9cce9996ced3"
            ],
            "markers": "python_version >= '3.7'",
            "version": "==0.11.2"
        },
        "platformdirs": {
            "hashes": [
                "sha256:b45696dab2d7cc691a3226759c0d3b00c47c8b6e293d96f6436f733303f77f6d",
                "sha256:d7c24979f292f916dc9cbf8648319032f551ea8c49a4c9bf2fb556a02070ec1d"
            ],
            "markers": "python_version >= '3.7'",
            "version": "==3.10.0"
        },
        "pluggy": {
            "hashes": [
                "sha256:cf61ae8f126ac6f7c451172cf30e3e43d3ca77615509771b3a984a0730651e12",
                "sha256:d89c696a773f8bd377d18e5ecda92b7a3793cbe66c87060a6fb58c7b6e1061f7"
            ],
            "markers": "python_version >= '3.8'",
            "version": "==1.3.0"
        },
        "pycodestyle": {
            "hashes": [
                "sha256:259bcc17857d8a8b3b4a2327324b79e5f020a13c16074670f9c8c8f872ea76d0",
                "sha256:5d1013ba8dc7895b548be5afb05740ca82454fd899971563d2ef625d090326f8"
            ],
            "markers": "python_version >= '3.8'",
            "version": "==2.11.0"
        },
        "pyflakes": {
            "hashes": [
                "sha256:4132f6d49cb4dae6819e5379898f2b8cce3c5f23994194c24b77d5da2e36f774",
                "sha256:a0aae034c444db0071aa077972ba4768d40c830d9539fd45bf4cd3f8f6992efc"
            ],
            "markers": "python_version >= '3.8'",
            "version": "==3.1.0"
        },
        "pytest": {
            "hashes": [
                "sha256:1d881c6124e08ff0a1bb75ba3ec0bfd8b5354a01c194ddd5a0a870a48d99b002",
                "sha256:a766259cfab564a2ad52cb1aae1b881a75c3eb7e34ca3779697c23ed47c47069"
            ],
            "index": "pypi",
            "markers": "python_version >= '3.7'",
            "version": "==7.4.2"
        },
        "pytest-asyncio": {
            "hashes": [
                "sha256:40a7eae6dded22c7b604986855ea48400ab15b069ae38116e8c01238e9eeb64d",
                "sha256:8666c1c8ac02631d7c51ba282e0c69a8a452b211ffedf2599099845da5c5c37b"
            ],
            "index": "pypi",
            "markers": "python_version >= '3.7'",
            "version": "==0.21.1"
        },
        "tomli": {
            "hashes": [
                "sha256:939de3e7a6161af0c887ef91b7d41a53e7c5a1ca976325f429cb46ea9bc30ecc",
                "sha256:de526c12914f0c550d15924c62d72abc48d6fe7364aa87328337a31007fe8a4f"
            ],
            "markers": "python_version < '3.11'",
            "version": "==2.0.1"
        },
        "typing-extensions": {
            "hashes": [
                "sha256:8f92fc8806f9a6b641eaa5318da32b44d401efaac0f6678c9bc448ba3605faa0",
                "sha256:df8e4339e9cb77357558cbdbceca33c303714cf861d1eef15e1070055ae8b7ef"
            ],
            "markers": "python_version < '3.11'",
            "version": "==4.8.0"
        }
    }
}
